// !$*UTF8*$!
{
	archiveVersion = 1;
	classes = {
	};
	objectVersion = 50;
	objects = {

/* Begin PBXBuildFile section */
		6482F2DC243A842D0021BB6E /* AppDelegate.swift in Sources */ = {isa = PBXBuildFile; fileRef = 6482F2DB243A842D0021BB6E /* AppDelegate.swift */; };
		6482F2DE243A842D0021BB6E /* SceneDelegate.swift in Sources */ = {isa = PBXBuildFile; fileRef = 6482F2DD243A842D0021BB6E /* SceneDelegate.swift */; };
		6482F2E0243A842D0021BB6E /* ViewController.swift in Sources */ = {isa = PBXBuildFile; fileRef = 6482F2DF243A842D0021BB6E /* ViewController.swift */; };
		6482F2E3243A842D0021BB6E /* Main.storyboard in Resources */ = {isa = PBXBuildFile; fileRef = 6482F2E1243A842D0021BB6E /* Main.storyboard */; };
		6482F2E5243A842E0021BB6E /* Assets.xcassets in Resources */ = {isa = PBXBuildFile; fileRef = 6482F2E4243A842E0021BB6E /* Assets.xcassets */; };
		6482F2E8243A842E0021BB6E /* LaunchScreen.storyboard in Resources */ = {isa = PBXBuildFile; fileRef = 6482F2E6243A842E0021BB6E /* LaunchScreen.storyboard */; };
		6482F2F3243A842F0021BB6E /* TipCalTests.swift in Sources */ = {isa = PBXBuildFile; fileRef = 6482F2F2243A842F0021BB6E /* TipCalTests.swift */; };
		6482F2FE243A842F0021BB6E /* TipCalUITests.swift in Sources */ = {isa = PBXBuildFile; fileRef = 6482F2FD243A842F0021BB6E /* TipCalUITests.swift */; };
/* End PBXBuildFile section */

/* Begin PBXContainerItemProxy section */
		6482F2EF243A842F0021BB6E /* PBXContainerItemProxy */ = {
			isa = PBXContainerItemProxy;
			containerPortal = 6482F2D0243A842D0021BB6E /* Project object */;
			proxyType = 1;
			remoteGlobalIDString = 6482F2D7243A842D0021BB6E;
			remoteInfo = TipCal;
		};
		6482F2FA243A842F0021BB6E /* PBXContainerItemProxy */ = {
			isa = PBXContainerItemProxy;
			containerPortal = 6482F2D0243A842D0021BB6E /* Project object */;
			proxyType = 1;
			remoteGlobalIDString = 6482F2D7243A842D0021BB6E;
			remoteInfo = TipCal;
		};
/* End PBXContainerItemProxy section */

/* Begin PBXFileReference section */
		6482F2D8243A842D0021BB6E /* TipCal.app */ = {isa = PBXFileReference; explicitFileType = wrapper.application; includeInIndex = 0; path = TipCal.app; sourceTree = BUILT_PRODUCTS_DIR; };
		6482F2DB243A842D0021BB6E /* AppDelegate.swift */ = {isa = PBXFileReference; lastKnownFileType = sourcecode.swift; path = AppDelegate.swift; sourceTree = "<group>"; };
		6482F2DD243A842D0021BB6E /* SceneDelegate.swift */ = {isa = PBXFileReference; lastKnownFileType = sourcecode.swift; path = SceneDelegate.swift; sourceTree = "<group>"; };
		6482F2DF243A842D0021BB6E /* ViewController.swift */ = {isa = PBXFileReference; lastKnownFileType = sourcecode.swift; path = ViewController.swift; sourceTree = "<group>"; };
		6482F2E2243A842D0021BB6E /* Base */ = {isa = PBXFileReference; lastKnownFileType = file.storyboard; name = Base; path = Base.lproj/Main.storyboard; sourceTree = "<group>"; };
		6482F2E4243A842E0021BB6E /* Assets.xcassets */ = {isa = PBXFileReference; lastKnownFileType = folder.assetcatalog; path = Assets.xcassets; sourceTree = "<group>"; };
		6482F2E7243A842E0021BB6E /* Base */ = {isa = PBXFileReference; lastKnownFileType = file.storyboard; name = Base; path = Base.lproj/LaunchScreen.storyboard; sourceTree = "<group>"; };
		6482F2E9243A842E0021BB6E /* Info.plist */ = {isa = PBXFileReference; lastKnownFileType = text.plist.xml; path = Info.plist; sourceTree = "<group>"; };
		6482F2EE243A842F0021BB6E /* TipCalTests.xctest */ = {isa = PBXFileReference; explicitFileType = wrapper.cfbundle; includeInIndex = 0; path = TipCalTests.xctest; sourceTree = BUILT_PRODUCTS_DIR; };
		6482F2F2243A842F0021BB6E /* TipCalTests.swift */ = {isa = PBXFileReference; lastKnownFileType = sourcecode.swift; path = TipCalTests.swift; sourceTree = "<group>"; };
		6482F2F4243A842F0021BB6E /* Info.plist */ = {isa = PBXFileReference; lastKnownFileType = text.plist.xml; path = Info.plist; sourceTree = "<group>"; };
		6482F2F9243A842F0021BB6E /* TipCalUITests.xctest */ = {isa = PBXFileReference; explicitFileType = wrapper.cfbundle; includeInIndex = 0; path = TipCalUITests.xctest; sourceTree = BUILT_PRODUCTS_DIR; };
		6482F2FD243A842F0021BB6E /* TipCalUITests.swift */ = {isa = PBXFileReference; lastKnownFileType = sourcecode.swift; path = TipCalUITests.swift; sourceTree = "<group>"; };
		6482F2FF243A842F0021BB6E /* Info.plist */ = {isa = PBXFileReference; lastKnownFileType = text.plist.xml; path = Info.plist; sourceTree = "<group>"; };
/* End PBXFileReference section */

/* Begin PBXFrameworksBuildPhase section */
		6482F2D5243A842D0021BB6E /* Frameworks */ = {
			isa = PBXFrameworksBuildPhase;
			buildActionMask = 2147483647;
			files = (
			);
			runOnlyForDeploymentPostprocessing = 0;
		};
		6482F2EB243A842F0021BB6E /* Frameworks */ = {
			isa = PBXFrameworksBuildPhase;
			buildActionMask = 2147483647;
			files = (
			);
			runOnlyForDeploymentPostprocessing = 0;
		};
		6482F2F6243A842F0021BB6E /* Frameworks */ = {
			isa = PBXFrameworksBuildPhase;
			buildActionMask = 2147483647;
			files = (
			);
			runOnlyForDeploymentPostprocessing = 0;
		};
/* End PBXFrameworksBuildPhase section */

/* Begin PBXGroup section */
		6482F2CF243A842D0021BB6E = {
			isa = PBXGroup;
			children = (
				6482F2DA243A842D0021BB6E /* TipCal */,
				6482F2F1243A842F0021BB6E /* TipCalTests */,
				6482F2FC243A842F0021BB6E /* TipCalUITests */,
				6482F2D9243A842D0021BB6E /* Products */,
			);
			sourceTree = "<group>";
		};
		6482F2D9243A842D0021BB6E /* Products */ = {
			isa = PBXGroup;
			children = (
				6482F2D8243A842D0021BB6E /* TipCal.app */,
				6482F2EE243A842F0021BB6E /* TipCalTests.xctest */,
				6482F2F9243A842F0021BB6E /* TipCalUITests.xctest */,
			);
			name = Products;
			sourceTree = "<group>";
		};
		6482F2DA243A842D0021BB6E /* TipCal */ = {
			isa = PBXGroup;
			children = (
				6482F2DB243A842D0021BB6E /* AppDelegate.swift */,
				6482F2DD243A842D0021BB6E /* SceneDelegate.swift */,
				6482F2DF243A842D0021BB6E /* ViewController.swift */,
				6482F2E1243A842D0021BB6E /* Main.storyboard */,
				6482F2E4243A842E0021BB6E /* Assets.xcassets */,
				6482F2E6243A842E0021BB6E /* LaunchScreen.storyboard */,
				6482F2E9243A842E0021BB6E /* Info.plist */,
			);
			path = TipCal;
			sourceTree = "<group>";
		};
		6482F2F1243A842F0021BB6E /* TipCalTests */ = {
			isa = PBXGroup;
			children = (
				6482F2F2243A842F0021BB6E /* TipCalTests.swift */,
				6482F2F4243A842F0021BB6E /* Info.plist */,
			);
			path = TipCalTests;
			sourceTree = "<group>";
		};
		6482F2FC243A842F0021BB6E /* TipCalUITests */ = {
			isa = PBXGroup;
			children = (
				6482F2FD243A842F0021BB6E /* TipCalUITests.swift */,
				6482F2FF243A842F0021BB6E /* Info.plist */,
			);
			path = TipCalUITests;
			sourceTree = "<group>";
		};
/* End PBXGroup section */

/* Begin PBXNativeTarget section */
		6482F2D7243A842D0021BB6E /* TipCal */ = {
			isa = PBXNativeTarget;
			buildConfigurationList = 6482F302243A842F0021BB6E /* Build configuration list for PBXNativeTarget "TipCal" */;
			buildPhases = (
				6482F2D4243A842D0021BB6E /* Sources */,
				6482F2D5243A842D0021BB6E /* Frameworks */,
				6482F2D6243A842D0021BB6E /* Resources */,
			);
			buildRules = (
			);
			dependencies = (
			);
			name = TipCal;
			productName = TipCal;
			productReference = 6482F2D8243A842D0021BB6E /* TipCal.app */;
			productType = "com.apple.product-type.application";
		};
		6482F2ED243A842F0021BB6E /* TipCalTests */ = {
			isa = PBXNativeTarget;
			buildConfigurationList = 6482F305243A842F0021BB6E /* Build configuration list for PBXNativeTarget "TipCalTests" */;
			buildPhases = (
				6482F2EA243A842F0021BB6E /* Sources */,
				6482F2EB243A842F0021BB6E /* Frameworks */,
				6482F2EC243A842F0021BB6E /* Resources */,
			);
			buildRules = (
			);
			dependencies = (
				6482F2F0243A842F0021BB6E /* PBXTargetDependency */,
			);
			name = TipCalTests;
			productName = TipCalTests;
			productReference = 6482F2EE243A842F0021BB6E /* TipCalTests.xctest */;
			productType = "com.apple.product-type.bundle.unit-test";
		};
		6482F2F8243A842F0021BB6E /* TipCalUITests */ = {
			isa = PBXNativeTarget;
			buildConfigurationList = 6482F308243A842F0021BB6E /* Build configuration list for PBXNativeTarget "TipCalUITests" */;
			buildPhases = (
				6482F2F5243A842F0021BB6E /* Sources */,
				6482F2F6243A842F0021BB6E /* Frameworks */,
				6482F2F7243A842F0021BB6E /* Resources */,
			);
			buildRules = (
			);
			dependencies = (
				6482F2FB243A842F0021BB6E /* PBXTargetDependency */,
			);
			name = TipCalUITests;
			productName = TipCalUITests;
			productReference = 6482F2F9243A842F0021BB6E /* TipCalUITests.xctest */;
			productType = "com.apple.product-type.bundle.ui-testing";
		};
/* End PBXNativeTarget section */

/* Begin PBXProject section */
		6482F2D0243A842D0021BB6E /* Project object */ = {
			isa = PBXProject;
			attributes = {
				LastSwiftUpdateCheck = 1140;
				LastUpgradeCheck = 1140;
				ORGANIZATIONNAME = "Parham Armani";
				TargetAttributes = {
					6482F2D7243A842D0021BB6E = {
						CreatedOnToolsVersion = 11.4;
					};
					6482F2ED243A842F0021BB6E = {
						CreatedOnToolsVersion = 11.4;
						TestTargetID = 6482F2D7243A842D0021BB6E;
					};
					6482F2F8243A842F0021BB6E = {
						CreatedOnToolsVersion = 11.4;
						TestTargetID = 6482F2D7243A842D0021BB6E;
					};
				};
			};
			buildConfigurationList = 6482F2D3243A842D0021BB6E /* Build configuration list for PBXProject "TipCal" */;
			compatibilityVersion = "Xcode 9.3";
			developmentRegion = en;
			hasScannedForEncodings = 0;
			knownRegions = (
				en,
				Base,
			);
			mainGroup = 6482F2CF243A842D0021BB6E;
			productRefGroup = 6482F2D9243A842D0021BB6E /* Products */;
			projectDirPath = "";
			projectRoot = "";
			targets = (
				6482F2D7243A842D0021BB6E /* TipCal */,
				6482F2ED243A842F0021BB6E /* TipCalTests */,
				6482F2F8243A842F0021BB6E /* TipCalUITests */,
			);
		};
/* End PBXProject section */

/* Begin PBXResourcesBuildPhase section */
		6482F2D6243A842D0021BB6E /* Resources */ = {
			isa = PBXResourcesBuildPhase;
			buildActionMask = 2147483647;
			files = (
				6482F2E8243A842E0021BB6E /* LaunchScreen.storyboard in Resources */,
				6482F2E5243A842E0021BB6E /* Assets.xcassets in Resources */,
				6482F2E3243A842D0021BB6E /* Main.storyboard in Resources */,
			);
			runOnlyForDeploymentPostprocessing = 0;
		};
		6482F2EC243A842F0021BB6E /* Resources */ = {
			isa = PBXResourcesBuildPhase;
			buildActionMask = 2147483647;
			files = (
			);
			runOnlyForDeploymentPostprocessing = 0;
		};
		6482F2F7243A842F0021BB6E /* Resources */ = {
			isa = PBXResourcesBuildPhase;
			buildActionMask = 2147483647;
			files = (
			);
			runOnlyForDeploymentPostprocessing = 0;
		};
/* End PBXResourcesBuildPhase section */

/* Begin PBXSourcesBuildPhase section */
		6482F2D4243A842D0021BB6E /* Sources */ = {
			isa = PBXSourcesBuildPhase;
			buildActionMask = 2147483647;
			files = (
				6482F2E0243A842D0021BB6E /* ViewController.swift in Sources */,
				6482F2DC243A842D0021BB6E /* AppDelegate.swift in Sources */,
				6482F2DE243A842D0021BB6E /* SceneDelegate.swift in Sources */,
			);
			runOnlyForDeploymentPostprocessing = 0;
		};
		6482F2EA243A842F0021BB6E /* Sources */ = {
			isa = PBXSourcesBuildPhase;
			buildActionMask = 2147483647;
			files = (
				6482F2F3243A842F0021BB6E /* TipCalTests.swift in Sources */,
			);
			runOnlyForDeploymentPostprocessing = 0;
		};
		6482F2F5243A842F0021BB6E /* Sources */ = {
			isa = PBXSourcesBuildPhase;
			buildActionMask = 2147483647;
			files = (
				6482F2FE243A842F0021BB6E /* TipCalUITests.swift in Sources */,
			);
			runOnlyForDeploymentPostprocessing = 0;
		};
/* End PBXSourcesBuildPhase section */

/* Begin PBXTargetDependency section */
		6482F2F0243A842F0021BB6E /* PBXTargetDependency */ = {
			isa = PBXTargetDependency;
			target = 6482F2D7243A842D0021BB6E /* TipCal */;
			targetProxy = 6482F2EF243A842F0021BB6E /* PBXContainerItemProxy */;
		};
		6482F2FB243A842F0021BB6E /* PBXTargetDependency */ = {
			isa = PBXTargetDependency;
			target = 6482F2D7243A842D0021BB6E /* TipCal */;
			targetProxy = 6482F2FA243A842F0021BB6E /* PBXContainerItemProxy */;
		};
/* End PBXTargetDependency section */

/* Begin PBXVariantGroup section */
		6482F2E1243A842D0021BB6E /* Main.storyboard */ = {
			isa = PBXVariantGroup;
			children = (
				6482F2E2243A842D0021BB6E /* Base */,
			);
			name = Main.storyboard;
			sourceTree = "<group>";
		};
		6482F2E6243A842E0021BB6E /* LaunchScreen.storyboard */ = {
			isa = PBXVariantGroup;
			children = (
				6482F2E7243A842E0021BB6E /* Base */,
			);
			name = LaunchScreen.storyboard;
			sourceTree = "<group>";
		};
/* End PBXVariantGroup section */

/* Begin XCBuildConfiguration section */
		6482F300243A842F0021BB6E /* Debug */ = {
			isa = XCBuildConfiguration;
			buildSettings = {
				ALWAYS_SEARCH_USER_PATHS = NO;
				CLANG_ANALYZER_NONNULL = YES;
				CLANG_ANALYZER_NUMBER_OBJECT_CONVERSION = YES_AGGRESSIVE;
				CLANG_CXX_LANGUAGE_STANDARD = "gnu++14";
				CLANG_CXX_LIBRARY = "libc++";
				CLANG_ENABLE_MODULES = YES;
				CLANG_ENABLE_OBJC_ARC = YES;
				CLANG_ENABLE_OBJC_WEAK = YES;
				CLANG_WARN_BLOCK_CAPTURE_AUTORELEASING = YES;
				CLANG_WARN_BOOL_CONVERSION = YES;
				CLANG_WARN_COMMA = YES;
				CLANG_WARN_CONSTANT_CONVERSION = YES;
				CLANG_WARN_DEPRECATED_OBJC_IMPLEMENTATIONS = YES;
				CLANG_WARN_DIRECT_OBJC_ISA_USAGE = YES_ERROR;
				CLANG_WARN_DOCUMENTATION_COMMENTS = YES;
				CLANG_WARN_EMPTY_BODY = YES;
				CLANG_WARN_ENUM_CONVERSION = YES;
				CLANG_WARN_INFINITE_RECURSION = YES;
				CLANG_WARN_INT_CONVERSION = YES;
				CLANG_WARN_NON_LITERAL_NULL_CONVERSION = YES;
				CLANG_WARN_OBJC_IMPLICIT_RETAIN_SELF = YES;
				CLANG_WARN_OBJC_LITERAL_CONVERSION = YES;
				CLANG_WARN_OBJC_ROOT_CLASS = YES_ERROR;
				CLANG_WARN_RANGE_LOOP_ANALYSIS = YES;
				CLANG_WARN_STRICT_PROTOTYPES = YES;
				CLANG_WARN_SUSPICIOUS_MOVE = YES;
				CLANG_WARN_UNGUARDED_AVAILABILITY = YES_AGGRESSIVE;
				CLANG_WARN_UNREACHABLE_CODE = YES;
				CLANG_WARN__DUPLICATE_METHOD_MATCH = YES;
				COPY_PHASE_STRIP = NO;
				DEBUG_INFORMATION_FORMAT = dwarf;
				ENABLE_STRICT_OBJC_MSGSEND = YES;
				ENABLE_TESTABILITY = YES;
				GCC_C_LANGUAGE_STANDARD = gnu11;
				GCC_DYNAMIC_NO_PIC = NO;
				GCC_NO_COMMON_BLOCKS = YES;
				GCC_OPTIMIZATION_LEVEL = 0;
				GCC_PREPROCESSOR_DEFINITIONS = (
					"DEBUG=1",
					"$(inherited)",
				);
				GCC_WARN_64_TO_32_BIT_CONVERSION = YES;
				GCC_WARN_ABOUT_RETURN_TYPE = YES_ERROR;
				GCC_WARN_UNDECLARED_SELECTOR = YES;
				GCC_WARN_UNINITIALIZED_AUTOS = YES_AGGRESSIVE;
				GCC_WARN_UNUSED_FUNCTION = YES;
				GCC_WARN_UNUSED_VARIABLE = YES;
				IPHONEOS_DEPLOYMENT_TARGET = 13.4;
				MTL_ENABLE_DEBUG_INFO = INCLUDE_SOURCE;
				MTL_FAST_MATH = YES;
				ONLY_ACTIVE_ARCH = YES;
				SDKROOT = iphoneos;
				SWIFT_ACTIVE_COMPILATION_CONDITIONS = DEBUG;
				SWIFT_OPTIMIZATION_LEVEL = "-Onone";
			};
			name = Debug;
		};
		6482F301243A842F0021BB6E /* Release */ = {
			isa = XCBuildConfiguration;
			buildSettings = {
				ALWAYS_SEARCH_USER_PATHS = NO;
				CLANG_ANALYZER_NONNULL = YES;
				CLANG_ANALYZER_NUMBER_OBJECT_CONVERSION = YES_AGGRESSIVE;
				CLANG_CXX_LANGUAGE_STANDARD = "gnu++14";
				CLANG_CXX_LIBRARY = "libc++";
				CLANG_ENABLE_MODULES = YES;
				CLANG_ENABLE_OBJC_ARC = YES;
				CLANG_ENABLE_OBJC_WEAK = YES;
				CLANG_WARN_BLOCK_CAPTURE_AUTORELEASING = YES;
				CLANG_WARN_BOOL_CONVERSION = YES;
				CLANG_WARN_COMMA = YES;
				CLANG_WARN_CONSTANT_CONVERSION = YES;
				CLANG_WARN_DEPRECATED_OBJC_IMPLEMENTATIONS = YES;
				CLANG_WARN_DIRECT_OBJC_ISA_USAGE = YES_ERROR;
				CLANG_WARN_DOCUMENTATION_COMMENTS = YES;
				CLANG_WARN_EMPTY_BODY = YES;
				CLANG_WARN_ENUM_CONVERSION = YES;
				CLANG_WARN_INFINITE_RECURSION = YES;
				CLANG_WARN_INT_CONVERSION = YES;
				CLANG_WARN_NON_LITERAL_NULL_CONVERSION = YES;
				CLANG_WARN_OBJC_IMPLICIT_RETAIN_SELF = YES;
				CLANG_WARN_OBJC_LITERAL_CONVERSION = YES;
				CLANG_WARN_OBJC_ROOT_CLASS = YES_ERROR;
				CLANG_WARN_RANGE_LOOP_ANALYSIS = YES;
				CLANG_WARN_STRICT_PROTOTYPES = YES;
				CLANG_WARN_SUSPICIOUS_MOVE = YES;
				CLANG_WARN_UNGUARDED_AVAILABILITY = YES_AGGRESSIVE;
				CLANG_WARN_UNREACHABLE_CODE = YES;
				CLANG_WARN__DUPLICATE_METHOD_MATCH = YES;
				COPY_PHASE_STRIP = NO;
				DEBUG_INFORMATION_FORMAT = "dwarf-with-dsym";
				ENABLE_NS_ASSERTIONS = NO;
				ENABLE_STRICT_OBJC_MSGSEND = YES;
				GCC_C_LANGUAGE_STANDARD = gnu11;
				GCC_NO_COMMON_BLOCKS = YES;
				GCC_WARN_64_TO_32_BIT_CONVERSION = YES;
				GCC_WARN_ABOUT_RETURN_TYPE = YES_ERROR;
				GCC_WARN_UNDECLARED_SELECTOR = YES;
				GCC_WARN_UNINITIALIZED_AUTOS = YES_AGGRESSIVE;
				GCC_WARN_UNUSED_FUNCTION = YES;
				GCC_WARN_UNUSED_VARIABLE = YES;
				IPHONEOS_DEPLOYMENT_TARGET = 13.4;
				MTL_ENABLE_DEBUG_INFO = NO;
				MTL_FAST_MATH = YES;
				SDKROOT = iphoneos;
				SWIFT_COMPILATION_MODE = wholemodule;
				SWIFT_OPTIMIZATION_LEVEL = "-O";
				VALIDATE_PRODUCT = YES;
			};
			name = Release;
		};
		6482F303243A842F0021BB6E /* Debug */ = {
			isa = XCBuildConfiguration;
			buildSettings = {
				ASSETCATALOG_COMPILER_APPICON_NAME = AppIcon;
				CODE_SIGN_STYLE = Automatic;
				INFOPLIST_FILE = TipCal/Info.plist;
				LD_RUNPATH_SEARCH_PATHS = (
					"$(inherited)",
					"@executable_path/Frameworks",
				);
				PRODUCT_BUNDLE_IDENTIFIER = com.ParhamArmani.TipCal;
				PRODUCT_NAME = "$(TARGET_NAME)";
				SWIFT_VERSION = 5.0;
				TARGETED_DEVICE_FAMILY = "1,2";
			};
			name = Debug;
		};
		6482F304243A842F0021BB6E /* Release */ = {
			isa = XCBuildConfiguration;
			buildSettings = {
				ASSETCATALOG_COMPILER_APPICON_NAME = AppIcon;
				CODE_SIGN_STYLE = Automatic;
				INFOPLIST_FILE = TipCal/Info.plist;
				LD_RUNPATH_SEARCH_PATHS = (
					"$(inherited)",
					"@executable_path/Frameworks",
				);
				PRODUCT_BUNDLE_IDENTIFIER = com.ParhamArmani.TipCal;
				PRODUCT_NAME = "$(TARGET_NAME)";
				SWIFT_VERSION = 5.0;
				TARGETED_DEVICE_FAMILY = "1,2";
			};
			name = Release;
		};
		6482F306243A842F0021BB6E /* Debug */ = {
			isa = XCBuildConfiguration;
			buildSettings = {
				ALWAYS_EMBED_SWIFT_STANDARD_LIBRARIES = YES;
				BUNDLE_LOADER = "$(TEST_HOST)";
				CODE_SIGN_STYLE = Automatic;
				INFOPLIST_FILE = TipCalTests/Info.plist;
				IPHONEOS_DEPLOYMENT_TARGET = 13.4;
				LD_RUNPATH_SEARCH_PATHS = (
					"$(inherited)",
					"@executable_path/Frameworks",
					"@loader_path/Frameworks",
				);
				PRODUCT_BUNDLE_IDENTIFIER = com.ParhamArmani.TipCalTests;
				PRODUCT_NAME = "$(TARGET_NAME)";
				SWIFT_VERSION = 5.0;
				TARGETED_DEVICE_FAMILY = "1,2";
				TEST_HOST = "$(BUILT_PRODUCTS_DIR)/TipCal.app/TipCal";
			};
			name = Debug;
		};
		6482F307243A842F0021BB6E /* Release */ = {
			isa = XCBuildConfiguration;
			buildSettings = {
				ALWAYS_EMBED_SWIFT_STANDARD_LIBRARIES = YES;
				BUNDLE_LOADER = "$(TEST_HOST)";
				CODE_SIGN_STYLE = Automatic;
				INFOPLIST_FILE = TipCalTests/Info.plist;
				IPHONEOS_DEPLOYMENT_TARGET = 13.4;
				LD_RUNPATH_SEARCH_PATHS = (
					"$(inherited)",
					"@executable_path/Frameworks",
					"@loader_path/Frameworks",
				);
				PRODUCT_BUNDLE_IDENTIFIER = com.ParhamArmani.TipCalTests;
				PRODUCT_NAME = "$(TARGET_NAME)";
				SWIFT_VERSION = 5.0;
				TARGETED_DEVICE_FAMILY = "1,2";
				TEST_HOST = "$(BUILT_PRODUCTS_DIR)/TipCal.app/TipCal";
			};
			name = Release;
		};
		6482F309243A842F0021BB6E /* Debug */ = {
			isa = XCBuildConfiguration;
			buildSettings = {
				ALWAYS_EMBED_SWIFT_STANDARD_LIBRARIES = YES;
				CODE_SIGN_STYLE = Automatic;
				INFOPLIST_FILE = TipCalUITests/Info.plist;
				LD_RUNPATH_SEARCH_PATHS = (
					"$(inherited)",
					"@executable_path/Frameworks",
					"@loader_path/Frameworks",
				);
				PRODUCT_BUNDLE_IDENTIFIER = com.ParhamArmani.TipCalUITests;
				PRODUCT_NAME = "$(TARGET_NAME)";
				SWIFT_VERSION = 5.0;
				TARGETED_DEVICE_FAMILY = "1,2";
				TEST_TARGET_NAME = TipCal;
			};
			name = Debug;
		};
		6482F30A243A842F0021BB6E /* Release */ = {
			isa = XCBuildConfiguration;
			buildSettings = {
				ALWAYS_EMBED_SWIFT_STANDARD_LIBRARIES = YES;
				CODE_SIGN_STYLE = Automatic;
				INFOPLIST_FILE = TipCalUITests/Info.plist;
				LD_RUNPATH_SEARCH_PATHS = (
					"$(inherited)",
					"@executable_path/Frameworks",
					"@loader_path/Frameworks",
				);
				PRODUCT_BUNDLE_IDENTIFIER = com.ParhamArmani.TipCalUITests;
				PRODUCT_NAME = "$(TARGET_NAME)";
				SWIFT_VERSION = 5.0;
				TARGETED_DEVICE_FAMILY = "1,2";
				TEST_TARGET_NAME = TipCal;
			};
			name = Release;
		};
/* End XCBuildConfiguration section */

/* Begin XCConfigurationList section */
		6482F2D3243A842D0021BB6E /* Build configuration list for PBXProject "TipCal" */ = {
			isa = XCConfigurationList;
			buildConfigurations = (
				6482F300243A842F0021BB6E /* Debug */,
				6482F301243A842F0021BB6E /* Release */,
			);
			defaultConfigurationIsVisible = 0;
			defaultConfigurationName = Release;
		};
		6482F302243A842F0021BB6E /* Build configuration list for PBXNativeTarget "TipCal" */ = {
			isa = XCConfigurationList;
			buildConfigurations = (
				6482F303243A842F0021BB6E /* Debug */,
				6482F304243A842F0021BB6E /* Release */,
			);
			defaultConfigurationIsVisible = 0;
			defaultConfigurationName = Release;
		};
		6482F305243A842F0021BB6E /* Build configuration list for PBXNativeTarget "TipCalTests" */ = {
			isa = XCConfigurationList;
			buildConfigurations = (
				6482F306243A842F0021BB6E /* Debug */,
				6482F307243A842F0021BB6E /* Release */,
			);
			defaultConfigurationIsVisible = 0;
			defaultConfigurationName = Release;
		};
		6482F308243A842F0021BB6E /* Build configuration list for PBXNativeTarget "TipCalUITests" */ = {
			isa = XCConfigurationList;
			buildConfigurations = (
				6482F309243A842F0021BB6E /* Debug */,
				6482F30A243A842F0021BB6E /* Release */,
			);
			defaultConfigurationIsVisible = 0;
			defaultConfigurationName = Release;
		};
/* End XCConfigurationList section */
	};
	rootObject = 6482F2D0243A842D0021BB6E /* Project object */;
}
